
Microsoft Visual Studio Solution File, Format Version 12.00
# Visual Studio 2015
Project("{FAE04EC0-301F-11D3-BF4B-00C04F79EFBC}") = "Radia_0.9.1.Plugins", "Radia_0.9.1.Plugins.csproj", "{8CD56352-4E87-E8D9-18AA-E57DF8BB75E4}"
EndProject
Project("{FAE04EC0-301F-11D3-BF4B-00C04F79EFBC}") = "Radia_0.9.1", "Radia_0.9.1.csproj", "{CEE6AFF5-A047-14AF-30F5-3A6C8E67982F}"
EndProject
Global
	GlobalSection(SolutionConfigurationPlatforms) = preSolution
		Debug|Any CPU = Debug|Any CPU
		Release|Any CPU = Release|Any CPU
	EndGlobalSection
	GlobalSection(ProjectConfigurationPlatforms) = postSolution
		{8CD56352-4E87-E8D9-18AA-E57DF8BB75E4}.Debug|Any CPU.ActiveCfg = Debug|Any CPU
		{8CD56352-4E87-E8D9-18AA-E57DF8BB75E4}.Debug|Any CPU.Build.0 = Debug|Any CPU
		{8CD56352-4E87-E8D9-18AA-E57DF8BB75E4}.Release|Any CPU.ActiveCfg = Release|Any CPU
		{8CD56352-4E87-E8D9-18AA-E57DF8BB75E4}.Release|Any CPU.Build.0 = Release|Any CPU
		{CEE6AFF5-A047-14AF-30F5-3A6C8E67982F}.Debug|Any CPU.ActiveCfg = Debug|Any CPU
		{CEE6AFF5-A047-14AF-30F5-3A6C8E67982F}.Debug|Any CPU.Build.0 = Debug|Any CPU
		{CEE6AFF5-A047-14AF-30F5-3A6C8E67982F}.Release|Any CPU.ActiveCfg = Release|Any CPU
		{CEE6AFF5-A047-14AF-30F5-3A6C8E67982F}.Release|Any CPU.Build.0 = Release|Any CPU
	EndGlobalSection
	GlobalSection(SolutionProperties) = preSolution
		HideSolutionNode = FALSE
	EndGlobalSection
EndGlobal
